
Microsoft Visual Studio Solution File, Format Version 12.00
# Visual Studio Version 17
VisualStudioVersion = 17.7.34031.279
MinimumVisualStudioVersion = 10.0.40219.1
Project("{2150E333-8FDC-42A3-9474-1A3956D46DE8}") = "Services", "Services", "{0C69A242-73F4-4301-9F2A-F1FA64417ED7}"
EndProject
Project("{2150E333-8FDC-42A3-9474-1A3956D46DE8}") = "Framework", "Framework", "{3E85699F-8E6F-4C6D-98B2-396A790B62FD}"
EndProject
Project("{9A19103F-16F7-4668-BE54-9A1E7A4F7556}") = "Framework.ApplicationService", "Framework\Framework.ApplicationService\Framework.ApplicationService.csproj", "{33E2251E-D3A8-4991-BF5A-5D1F4421B534}"
EndProject
Project("{9A19103F-16F7-4668-BE54-9A1E7A4F7556}") = "Framework.Core", "Framework\Framework.Core\Framework.Core.csproj", "{0D8A24F1-3796-4405-8DC3-99D70D57A2AA}"
EndProject
Project("{9A19103F-16F7-4668-BE54-9A1E7A4F7556}") = "Framework.DependencyInjection", "Framework\Framework.DependencyInjection\Framework.DependencyInjection.csproj", "{A63BB5A1-A042-4313-89E0-2C6CEAD2222C}"
EndProject
Project("{9A19103F-16F7-4668-BE54-9A1E7A4F7556}") = "Framework.Domain", "Framework\Framework.Domain\Framework.Domain.csproj", "{A03E1855-2801-4922-A8EC-16A5AD09C7C8}"
EndProject
Project("{9A19103F-16F7-4668-BE54-9A1E7A4F7556}") = "Framework.Facade", "Framework\Framework.Facade\Framework.Facade.csproj", "{8FE5E341-52DA-4E61-AEFD-6E72834ED89D}"
EndProject
Project("{9A19103F-16F7-4668-BE54-9A1E7A4F7556}") = "Framework.Persistence", "Framework\Framework.Persistence\Framework.Persistence.csproj", "{B1548A02-4DA1-494D-967A-FC0965F360EC}"
EndProject
Project("{9A19103F-16F7-4668-BE54-9A1E7A4F7556}") = "Framework.ReadModel", "Framework\Framework.ReadModel\Framework.ReadModel.csproj", "{29CEEE42-2353-4D5B-8CA8-56FDED0A52DE}"
EndProject
Project("{9A19103F-16F7-4668-BE54-9A1E7A4F7556}") = "Framework.Utility", "Framework\Framework.Utility\Framework.Utility.csproj", "{7A700488-DA82-4531-80CD-0E33B29E3291}"
EndProject
Project("{2150E333-8FDC-42A3-9474-1A3956D46DE8}") = "Student", "Student", "{492081D3-E318-480E-AA80-0DEC2B50DFF1}"
EndProject
Project("{2150E333-8FDC-42A3-9474-1A3956D46DE8}") = "Api", "Api", "{2908611C-F264-4969-9B57-E077D0C501EC}"
EndProject
Project("{2150E333-8FDC-42A3-9474-1A3956D46DE8}") = "Write", "Write", "{62A9A2DE-936C-4B8E-A77F-10B86B1B38F8}"
EndProject
Project("{2150E333-8FDC-42A3-9474-1A3956D46DE8}") = "Read", "Read", "{2F7808B5-7B02-4B67-808D-378F632B6CF3}"
EndProject
Project("{2150E333-8FDC-42A3-9474-1A3956D46DE8}") = "Application", "Application", "{EBAD3D18-428C-40DE-8754-DB8FF6AB62B1}"
EndProject
Project("{2150E333-8FDC-42A3-9474-1A3956D46DE8}") = "Domain", "Domain", "{4A0F006D-F638-466E-9798-E6754CA71017}"
EndProject
Project("{2150E333-8FDC-42A3-9474-1A3956D46DE8}") = "Facade", "Facade", "{167FF25F-BB1D-4EB4-BA00-36A94F70B1B8}"
EndProject
Project("{2150E333-8FDC-42A3-9474-1A3956D46DE8}") = "Infrastructure", "Infrastructure", "{5B7670F6-672B-4719-83DA-71D50F0C2E87}"
EndProject
Project("{2150E333-8FDC-42A3-9474-1A3956D46DE8}") = "Professor", "Professor", "{F17674DA-7A39-4666-B303-44609C5198C5}"
EndProject
Project("{2150E333-8FDC-42A3-9474-1A3956D46DE8}") = "Api", "Api", "{9BEBC869-9010-4182-A9A1-15B2CD728B0B}"
EndProject
Project("{2150E333-8FDC-42A3-9474-1A3956D46DE8}") = "Read", "Read", "{C0EA309D-7956-49EB-91B9-4FC53DFC3258}"
EndProject
Project("{2150E333-8FDC-42A3-9474-1A3956D46DE8}") = "Write", "Write", "{3AB71773-23B0-4ACA-B03E-E8591E0D9752}"
EndProject
Project("{2150E333-8FDC-42A3-9474-1A3956D46DE8}") = "Domain", "Domain", "{38202192-7675-438B-BD30-1CCCD00CE399}"
EndProject
Project("{2150E333-8FDC-42A3-9474-1A3956D46DE8}") = "Application", "Application", "{39EBB064-EC8C-4CA8-963C-7192FAE615B8}"
EndProject
Project("{2150E333-8FDC-42A3-9474-1A3956D46DE8}") = "Facade", "Facade", "{AF65DF30-1F2F-4872-A956-D84FF66A814F}"
EndProject
Project("{2150E333-8FDC-42A3-9474-1A3956D46DE8}") = "Infrastructure", "Infrastructure", "{CB31B2B6-7AED-4007-A159-D41C4CE819C8}"
EndProject
Project("{2150E333-8FDC-42A3-9474-1A3956D46DE8}") = "Major", "Major", "{CE0E5E3A-E3B9-4834-B1B0-44BB24B70DA2}"
EndProject
Project("{2150E333-8FDC-42A3-9474-1A3956D46DE8}") = "Api", "Api", "{85DEDED3-E7FC-400B-A8AF-57606E096AAE}"
EndProject
Project("{2150E333-8FDC-42A3-9474-1A3956D46DE8}") = "Read", "Read", "{42056958-EAED-4B45-88B7-362E42510A08}"
EndProject
Project("{2150E333-8FDC-42A3-9474-1A3956D46DE8}") = "Write", "Write", "{03A180BD-676A-44F8-98AF-A4BADF011AA7}"
EndProject
Project("{2150E333-8FDC-42A3-9474-1A3956D46DE8}") = "Domain", "Domain", "{9CECF2CA-3870-4CA4-8EAB-C1C2807747EB}"
EndProject
Project("{2150E333-8FDC-42A3-9474-1A3956D46DE8}") = "Application", "Application", "{5A89A007-DC41-4C12-A12E-0C7E536B2B9B}"
EndProject
Project("{2150E333-8FDC-42A3-9474-1A3956D46DE8}") = "Facade", "Facade", "{195BE26B-4E13-428F-A96B-22824787958B}"
EndProject
Project("{2150E333-8FDC-42A3-9474-1A3956D46DE8}") = "Infrastructure", "Infrastructure", "{7C0386A5-27A5-4E89-8FBB-EC2E6E46E574}"
EndProject
Project("{2150E333-8FDC-42A3-9474-1A3956D46DE8}") = "CourseUnit", "CourseUnit", "{0F7A05F5-E158-40C8-9842-8C757305452E}"
EndProject
Project("{2150E333-8FDC-42A3-9474-1A3956D46DE8}") = "Api", "Api", "{3372ED80-5714-4C24-B26B-7325FF536D27}"
EndProject
Project("{2150E333-8FDC-42A3-9474-1A3956D46DE8}") = "Read", "Read", "{679505B8-704A-4D19-835E-89E617F30470}"
EndProject
Project("{2150E333-8FDC-42A3-9474-1A3956D46DE8}") = "Write", "Write", "{CB95B53B-C6D3-4248-A072-2229B111F1E4}"
EndProject
Project("{2150E333-8FDC-42A3-9474-1A3956D46DE8}") = "ClientApp", "ClientApp", "{2D32CB86-F0C1-40FD-AADA-CE55770E1767}"
EndProject
Project("{FAE04EC0-301F-11D3-BF4B-00C04F79EFBC}") = "Major.Domain", "Services\Major\Major.Domain\Major.Domain.csproj", "{B4A50DBD-16AB-4A6B-A59F-DD1B5BF6A9DE}"
EndProject
Project("{FAE04EC0-301F-11D3-BF4B-00C04F79EFBC}") = "Major.Domain.Services", "Services\Major\Major.Domain.Services\Major.Domain.Services.csproj", "{78E37BF7-0CA1-4363-876A-B7A5A7F51278}"
EndProject
Project("{9A19103F-16F7-4668-BE54-9A1E7A4F7556}") = "Major.Domain.Tests", "Services\Major\Major.Domain.Tests\Major.Domain.Tests.csproj", "{F17844DD-96A1-46FE-87AC-4417A215D20D}"
EndProject
Project("{FAE04EC0-301F-11D3-BF4B-00C04F79EFBC}") = "Major.Domain.Contracts", "Services\Major\Major.Domain.Contracts\Major.Domain.Contracts.csproj", "{09406683-FA28-4A2A-8C4C-270EEB382ACE}"
EndProject
Project("{FAE04EC0-301F-11D3-BF4B-00C04F79EFBC}") = "Major.Application", "Services\Major\Major.Application\Major.Application.csproj", "{FA35005D-7942-4CBA-AD15-014AA54C6B75}"
EndProject
Project("{FAE04EC0-301F-11D3-BF4B-00C04F79EFBC}") = "Major.Application.Contracts", "Services\Major\Major.Application.Contracts\Major.Application.Contracts.csproj", "{35272430-F9EC-4F75-BF8E-BB1E96D6A76D}"
EndProject
Project("{FAE04EC0-301F-11D3-BF4B-00C04F79EFBC}") = "Major.Facade", "Services\Major\Major.Facade\Major.Facade.csproj", "{01B64027-9C25-4590-8EEB-F15C39EE8F96}"
EndProject
Project("{FAE04EC0-301F-11D3-BF4B-00C04F79EFBC}") = "Major.Facade.Contracts", "Services\Major\Major.Facade.Contracts\Major.Facade.Contracts.csproj", "{DB2EB4F1-FB43-48B0-BC30-B8F380B8B3CF}"
EndProject
Project("{FAE04EC0-301F-11D3-BF4B-00C04F79EFBC}") = "Major.Database", "Services\Major\Major.Database\Major.Database.csproj", "{4E337DD6-0ADC-4E46-A9D7-79AAEB374A58}"
EndProject
Project("{FAE04EC0-301F-11D3-BF4B-00C04F79EFBC}") = "Major.Persistence", "Services\Major\Major.Persistence\Major.Persistence.csproj", "{C33ED3AF-BF02-4D0F-BF10-0F4834DE9FD9}"
EndProject
Project("{FAE04EC0-301F-11D3-BF4B-00C04F79EFBC}") = "Major.Resources", "Services\Major\Major.Resources\Major.Resources.csproj", "{9911D6A9-CEE0-489D-9120-354641A1A6A6}"
EndProject
Global
	GlobalSection(SolutionConfigurationPlatforms) = preSolution
		Debug|Any CPU = Debug|Any CPU
		Release|Any CPU = Release|Any CPU
	EndGlobalSection
	GlobalSection(ProjectConfigurationPlatforms) = postSolution
		{33E2251E-D3A8-4991-BF5A-5D1F4421B534}.Debug|Any CPU.ActiveCfg = Debug|Any CPU
		{33E2251E-D3A8-4991-BF5A-5D1F4421B534}.Debug|Any CPU.Build.0 = Debug|Any CPU
		{33E2251E-D3A8-4991-BF5A-5D1F4421B534}.Release|Any CPU.ActiveCfg = Release|Any CPU
		{33E2251E-D3A8-4991-BF5A-5D1F4421B534}.Release|Any CPU.Build.0 = Release|Any CPU
		{0D8A24F1-3796-4405-8DC3-99D70D57A2AA}.Debug|Any CPU.ActiveCfg = Debug|Any CPU
		{0D8A24F1-3796-4405-8DC3-99D70D57A2AA}.Debug|Any CPU.Build.0 = Debug|Any CPU
		{0D8A24F1-3796-4405-8DC3-99D70D57A2AA}.Release|Any CPU.ActiveCfg = Release|Any CPU
		{0D8A24F1-3796-4405-8DC3-99D70D57A2AA}.Release|Any CPU.Build.0 = Release|Any CPU
		{A63BB5A1-A042-4313-89E0-2C6CEAD2222C}.Debug|Any CPU.ActiveCfg = Debug|Any CPU
		{A63BB5A1-A042-4313-89E0-2C6CEAD2222C}.Debug|Any CPU.Build.0 = Debug|Any CPU
		{A63BB5A1-A042-4313-89E0-2C6CEAD2222C}.Release|Any CPU.ActiveCfg = Release|Any CPU
		{A63BB5A1-A042-4313-89E0-2C6CEAD2222C}.Release|Any CPU.Build.0 = Release|Any CPU
		{A03E1855-2801-4922-A8EC-16A5AD09C7C8}.Debug|Any CPU.ActiveCfg = Debug|Any CPU
		{A03E1855-2801-4922-A8EC-16A5AD09C7C8}.Debug|Any CPU.Build.0 = Debug|Any CPU
		{A03E1855-2801-4922-A8EC-16A5AD09C7C8}.Release|Any CPU.ActiveCfg = Release|Any CPU
		{A03E1855-2801-4922-A8EC-16A5AD09C7C8}.Release|Any CPU.Build.0 = Release|Any CPU
		{8FE5E341-52DA-4E61-AEFD-6E72834ED89D}.Debug|Any CPU.ActiveCfg = Debug|Any CPU
		{8FE5E341-52DA-4E61-AEFD-6E72834ED89D}.Debug|Any CPU.Build.0 = Debug|Any CPU
		{8FE5E341-52DA-4E61-AEFD-6E72834ED89D}.Release|Any CPU.ActiveCfg = Release|Any CPU
		{8FE5E341-52DA-4E61-AEFD-6E72834ED89D}.Release|Any CPU.Build.0 = Release|Any CPU
		{B1548A02-4DA1-494D-967A-FC0965F360EC}.Debug|Any CPU.ActiveCfg = Debug|Any CPU
		{B1548A02-4DA1-494D-967A-FC0965F360EC}.Debug|Any CPU.Build.0 = Debug|Any CPU
		{B1548A02-4DA1-494D-967A-FC0965F360EC}.Release|Any CPU.ActiveCfg = Release|Any CPU
		{B1548A02-4DA1-494D-967A-FC0965F360EC}.Release|Any CPU.Build.0 = Release|Any CPU
		{29CEEE42-2353-4D5B-8CA8-56FDED0A52DE}.Debug|Any CPU.ActiveCfg = Debug|Any CPU
		{29CEEE42-2353-4D5B-8CA8-56FDED0A52DE}.Debug|Any CPU.Build.0 = Debug|Any CPU
		{29CEEE42-2353-4D5B-8CA8-56FDED0A52DE}.Release|Any CPU.ActiveCfg = Release|Any CPU
		{29CEEE42-2353-4D5B-8CA8-56FDED0A52DE}.Release|Any CPU.Build.0 = Release|Any CPU
		{7A700488-DA82-4531-80CD-0E33B29E3291}.Debug|Any CPU.ActiveCfg = Debug|Any CPU
		{7A700488-DA82-4531-80CD-0E33B29E3291}.Debug|Any CPU.Build.0 = Debug|Any CPU
		{7A700488-DA82-4531-80CD-0E33B29E3291}.Release|Any CPU.ActiveCfg = Release|Any CPU
		{7A700488-DA82-4531-80CD-0E33B29E3291}.Release|Any CPU.Build.0 = Release|Any CPU
		{B4A50DBD-16AB-4A6B-A59F-DD1B5BF6A9DE}.Debug|Any CPU.ActiveCfg = Debug|Any CPU
		{B4A50DBD-16AB-4A6B-A59F-DD1B5BF6A9DE}.Debug|Any CPU.Build.0 = Debug|Any CPU
		{B4A50DBD-16AB-4A6B-A59F-DD1B5BF6A9DE}.Release|Any CPU.ActiveCfg = Release|Any CPU
		{B4A50DBD-16AB-4A6B-A59F-DD1B5BF6A9DE}.Release|Any CPU.Build.0 = Release|Any CPU
		{78E37BF7-0CA1-4363-876A-B7A5A7F51278}.Debug|Any CPU.ActiveCfg = Debug|Any CPU
		{78E37BF7-0CA1-4363-876A-B7A5A7F51278}.Debug|Any CPU.Build.0 = Debug|Any CPU
		{78E37BF7-0CA1-4363-876A-B7A5A7F51278}.Release|Any CPU.ActiveCfg = Release|Any CPU
		{78E37BF7-0CA1-4363-876A-B7A5A7F51278}.Release|Any CPU.Build.0 = Release|Any CPU
		{F17844DD-96A1-46FE-87AC-4417A215D20D}.Debug|Any CPU.ActiveCfg = Debug|Any CPU
		{F17844DD-96A1-46FE-87AC-4417A215D20D}.Debug|Any CPU.Build.0 = Debug|Any CPU
		{F17844DD-96A1-46FE-87AC-4417A215D20D}.Release|Any CPU.ActiveCfg = Release|Any CPU
		{F17844DD-96A1-46FE-87AC-4417A215D20D}.Release|Any CPU.Build.0 = Release|Any CPU
		{09406683-FA28-4A2A-8C4C-270EEB382ACE}.Debug|Any CPU.ActiveCfg = Debug|Any CPU
		{09406683-FA28-4A2A-8C4C-270EEB382ACE}.Debug|Any CPU.Build.0 = Debug|Any CPU
		{09406683-FA28-4A2A-8C4C-270EEB382ACE}.Release|Any CPU.ActiveCfg = Release|Any CPU
		{09406683-FA28-4A2A-8C4C-270EEB382ACE}.Release|Any CPU.Build.0 = Release|Any CPU
		{FA35005D-7942-4CBA-AD15-014AA54C6B75}.Debug|Any CPU.ActiveCfg = Debug|Any CPU
		{FA35005D-7942-4CBA-AD15-014AA54C6B75}.Debug|Any CPU.Build.0 = Debug|Any CPU
		{FA35005D-7942-4CBA-AD15-014AA54C6B75}.Release|Any CPU.ActiveCfg = Release|Any CPU
		{FA35005D-7942-4CBA-AD15-014AA54C6B75}.Release|Any CPU.Build.0 = Release|Any CPU
		{35272430-F9EC-4F75-BF8E-BB1E96D6A76D}.Debug|Any CPU.ActiveCfg = Debug|Any CPU
		{35272430-F9EC-4F75-BF8E-BB1E96D6A76D}.Debug|Any CPU.Build.0 = Debug|Any CPU
		{35272430-F9EC-4F75-BF8E-BB1E96D6A76D}.Release|Any CPU.ActiveCfg = Release|Any CPU
		{35272430-F9EC-4F75-BF8E-BB1E96D6A76D}.Release|Any CPU.Build.0 = Release|Any CPU
		{01B64027-9C25-4590-8EEB-F15C39EE8F96}.Debug|Any CPU.ActiveCfg = Debug|Any CPU
		{01B64027-9C25-4590-8EEB-F15C39EE8F96}.Debug|Any CPU.Build.0 = Debug|Any CPU
		{01B64027-9C25-4590-8EEB-F15C39EE8F96}.Release|Any CPU.ActiveCfg = Release|Any CPU
		{01B64027-9C25-4590-8EEB-F15C39EE8F96}.Release|Any CPU.Build.0 = Release|Any CPU
		{DB2EB4F1-FB43-48B0-BC30-B8F380B8B3CF}.Debug|Any CPU.ActiveCfg = Debug|Any CPU
		{DB2EB4F1-FB43-48B0-BC30-B8F380B8B3CF}.Debug|Any CPU.Build.0 = Debug|Any CPU
		{DB2EB4F1-FB43-48B0-BC30-B8F380B8B3CF}.Release|Any CPU.ActiveCfg = Release|Any CPU
		{DB2EB4F1-FB43-48B0-BC30-B8F380B8B3CF}.Release|Any CPU.Build.0 = Release|Any CPU
		{4E337DD6-0ADC-4E46-A9D7-79AAEB374A58}.Debug|Any CPU.ActiveCfg = Debug|Any CPU
		{4E337DD6-0ADC-4E46-A9D7-79AAEB374A58}.Debug|Any CPU.Build.0 = Debug|Any CPU
		{4E337DD6-0ADC-4E46-A9D7-79AAEB374A58}.Release|Any CPU.ActiveCfg = Release|Any CPU
		{4E337DD6-0ADC-4E46-A9D7-79AAEB374A58}.Release|Any CPU.Build.0 = Release|Any CPU
		{C33ED3AF-BF02-4D0F-BF10-0F4834DE9FD9}.Debug|Any CPU.ActiveCfg = Debug|Any CPU
		{C33ED3AF-BF02-4D0F-BF10-0F4834DE9FD9}.Debug|Any CPU.Build.0 = Debug|Any CPU
		{C33ED3AF-BF02-4D0F-BF10-0F4834DE9FD9}.Release|Any CPU.ActiveCfg = Release|Any CPU
		{C33ED3AF-BF02-4D0F-BF10-0F4834DE9FD9}.Release|Any CPU.Build.0 = Release|Any CPU
		{9911D6A9-CEE0-489D-9120-354641A1A6A6}.Debug|Any CPU.ActiveCfg = Debug|Any CPU
		{9911D6A9-CEE0-489D-9120-354641A1A6A6}.Debug|Any CPU.Build.0 = Debug|Any CPU
		{9911D6A9-CEE0-489D-9120-354641A1A6A6}.Release|Any CPU.ActiveCfg = Release|Any CPU
		{9911D6A9-CEE0-489D-9120-354641A1A6A6}.Release|Any CPU.Build.0 = Release|Any CPU
	EndGlobalSection
	GlobalSection(SolutionProperties) = preSolution
		HideSolutionNode = FALSE
	EndGlobalSection
	GlobalSection(NestedProjects) = preSolution
		{33E2251E-D3A8-4991-BF5A-5D1F4421B534} = {3E85699F-8E6F-4C6D-98B2-396A790B62FD}
		{0D8A24F1-3796-4405-8DC3-99D70D57A2AA} = {3E85699F-8E6F-4C6D-98B2-396A790B62FD}
		{A63BB5A1-A042-4313-89E0-2C6CEAD2222C} = {3E85699F-8E6F-4C6D-98B2-396A790B62FD}
		{A03E1855-2801-4922-A8EC-16A5AD09C7C8} = {3E85699F-8E6F-4C6D-98B2-396A790B62FD}
		{8FE5E341-52DA-4E61-AEFD-6E72834ED89D} = {3E85699F-8E6F-4C6D-98B2-396A790B62FD}
		{B1548A02-4DA1-494D-967A-FC0965F360EC} = {3E85699F-8E6F-4C6D-98B2-396A790B62FD}
		{29CEEE42-2353-4D5B-8CA8-56FDED0A52DE} = {3E85699F-8E6F-4C6D-98B2-396A790B62FD}
		{7A700488-DA82-4531-80CD-0E33B29E3291} = {3E85699F-8E6F-4C6D-98B2-396A790B62FD}
		{492081D3-E318-480E-AA80-0DEC2B50DFF1} = {0C69A242-73F4-4301-9F2A-F1FA64417ED7}
		{2908611C-F264-4969-9B57-E077D0C501EC} = {492081D3-E318-480E-AA80-0DEC2B50DFF1}
		{62A9A2DE-936C-4B8E-A77F-10B86B1B38F8} = {492081D3-E318-480E-AA80-0DEC2B50DFF1}
		{2F7808B5-7B02-4B67-808D-378F632B6CF3} = {492081D3-E318-480E-AA80-0DEC2B50DFF1}
		{EBAD3D18-428C-40DE-8754-DB8FF6AB62B1} = {62A9A2DE-936C-4B8E-A77F-10B86B1B38F8}
		{4A0F006D-F638-466E-9798-E6754CA71017} = {62A9A2DE-936C-4B8E-A77F-10B86B1B38F8}
		{167FF25F-BB1D-4EB4-BA00-36A94F70B1B8} = {62A9A2DE-936C-4B8E-A77F-10B86B1B38F8}
		{5B7670F6-672B-4719-83DA-71D50F0C2E87} = {62A9A2DE-936C-4B8E-A77F-10B86B1B38F8}
		{F17674DA-7A39-4666-B303-44609C5198C5} = {0C69A242-73F4-4301-9F2A-F1FA64417ED7}
		{9BEBC869-9010-4182-A9A1-15B2CD728B0B} = {F17674DA-7A39-4666-B303-44609C5198C5}
		{C0EA309D-7956-49EB-91B9-4FC53DFC3258} = {F17674DA-7A39-4666-B303-44609C5198C5}
		{3AB71773-23B0-4ACA-B03E-E8591E0D9752} = {F17674DA-7A39-4666-B303-44609C5198C5}
		{38202192-7675-438B-BD30-1CCCD00CE399} = {3AB71773-23B0-4ACA-B03E-E8591E0D9752}
		{39EBB064-EC8C-4CA8-963C-7192FAE615B8} = {3AB71773-23B0-4ACA-B03E-E8591E0D9752}
		{AF65DF30-1F2F-4872-A956-D84FF66A814F} = {3AB71773-23B0-4ACA-B03E-E8591E0D9752}
		{CB31B2B6-7AED-4007-A159-D41C4CE819C8} = {3AB71773-23B0-4ACA-B03E-E8591E0D9752}
		{CE0E5E3A-E3B9-4834-B1B0-44BB24B70DA2} = {0C69A242-73F4-4301-9F2A-F1FA64417ED7}
		{85DEDED3-E7FC-400B-A8AF-57606E096AAE} = {CE0E5E3A-E3B9-4834-B1B0-44BB24B70DA2}
		{42056958-EAED-4B45-88B7-362E42510A08} = {CE0E5E3A-E3B9-4834-B1B0-44BB24B70DA2}
		{03A180BD-676A-44F8-98AF-A4BADF011AA7} = {CE0E5E3A-E3B9-4834-B1B0-44BB24B70DA2}
		{9CECF2CA-3870-4CA4-8EAB-C1C2807747EB} = {03A180BD-676A-44F8-98AF-A4BADF011AA7}
		{5A89A007-DC41-4C12-A12E-0C7E536B2B9B} = {03A180BD-676A-44F8-98AF-A4BADF011AA7}
		{195BE26B-4E13-428F-A96B-22824787958B} = {03A180BD-676A-44F8-98AF-A4BADF011AA7}
		{7C0386A5-27A5-4E89-8FBB-EC2E6E46E574} = {03A180BD-676A-44F8-98AF-A4BADF011AA7}
		{0F7A05F5-E158-40C8-9842-8C757305452E} = {0C69A242-73F4-4301-9F2A-F1FA64417ED7}
		{3372ED80-5714-4C24-B26B-7325FF536D27} = {0F7A05F5-E158-40C8-9842-8C757305452E}
		{679505B8-704A-4D19-835E-89E617F30470} = {0F7A05F5-E158-40C8-9842-8C757305452E}
		{CB95B53B-C6D3-4248-A072-2229B111F1E4} = {0F7A05F5-E158-40C8-9842-8C757305452E}
		{B4A50DBD-16AB-4A6B-A59F-DD1B5BF6A9DE} = {9CECF2CA-3870-4CA4-8EAB-C1C2807747EB}
		{78E37BF7-0CA1-4363-876A-B7A5A7F51278} = {9CECF2CA-3870-4CA4-8EAB-C1C2807747EB}
		{F17844DD-96A1-46FE-87AC-4417A215D20D} = {9CECF2CA-3870-4CA4-8EAB-C1C2807747EB}
		{09406683-FA28-4A2A-8C4C-270EEB382ACE} = {9CECF2CA-3870-4CA4-8EAB-C1C2807747EB}
		{FA35005D-7942-4CBA-AD15-014AA54C6B75} = {5A89A007-DC41-4C12-A12E-0C7E536B2B9B}
		{35272430-F9EC-4F75-BF8E-BB1E96D6A76D} = {5A89A007-DC41-4C12-A12E-0C7E536B2B9B}
		{01B64027-9C25-4590-8EEB-F15C39EE8F96} = {195BE26B-4E13-428F-A96B-22824787958B}
		{DB2EB4F1-FB43-48B0-BC30-B8F380B8B3CF} = {195BE26B-4E13-428F-A96B-22824787958B}
		{4E337DD6-0ADC-4E46-A9D7-79AAEB374A58} = {7C0386A5-27A5-4E89-8FBB-EC2E6E46E574}
		{C33ED3AF-BF02-4D0F-BF10-0F4834DE9FD9} = {7C0386A5-27A5-4E89-8FBB-EC2E6E46E574}
		{9911D6A9-CEE0-489D-9120-354641A1A6A6} = {7C0386A5-27A5-4E89-8FBB-EC2E6E46E574}
	EndGlobalSection
	GlobalSection(ExtensibilityGlobals) = postSolution
		SolutionGuid = {0DA26991-3FAC-43EC-8963-1DE1C62A3690}
	EndGlobalSection
EndGlobal
